
Microsoft Visual Studio Solution File, Format Version 12.00
# Visual Studio Version 17
VisualStudioVersion = 17.0.31903.59
MinimumVisualStudioVersion = 10.0.40219.1
Project("{2150E333-8FDC-42A3-9474-1A3956D46DE8}") = "src", "src", "{47C3B770-180E-4420-991C-C4CAB3697779}"
EndProject
Project("{FAE04EC0-301F-11D3-BF4B-00C04F79EFBC}") = "OrderFlow.Domain", "src\OrderFlow.Domain\OrderFlow.Domain.csproj", "{95D9F6B0-FB31-4D62-A46C-D08A22BF4FE6}"
EndProject
Project("{2150E333-8FDC-42A3-9474-1A3956D46DE8}") = "tests", "tests", "{D8529CD3-A84F-4E77-BEF8-DA90E78008F5}"
EndProject
Project("{FAE04EC0-301F-11D3-BF4B-00C04F79EFBC}") = "OrderFlow.Domain.Tests", "tests\OrderFlow.Domain.Tests\OrderFlow.Domain.Tests.csproj", "{828C9197-1A22-4B7B-8B94-D5F93387185E}"
EndProject
Project("{FAE04EC0-301F-11D3-BF4B-00C04F79EFBC}") = "OrderFlow.Application", "src\OrderFlow.Application\OrderFlow.Application.csproj", "{D1D07477-5252-42B5-90BE-543D10B0F21B}"
EndProject
Global
	GlobalSection(SolutionConfigurationPlatforms) = preSolution
		Debug|Any CPU = Debug|Any CPU
		Release|Any CPU = Release|Any CPU
	EndGlobalSection
	GlobalSection(SolutionProperties) = preSolution
		HideSolutionNode = FALSE
	EndGlobalSection
	GlobalSection(ProjectConfigurationPlatforms) = postSolution
		{95D9F6B0-FB31-4D62-A46C-D08A22BF4FE6}.Debug|Any CPU.ActiveCfg = Debug|Any CPU
		{95D9F6B0-FB31-4D62-A46C-D08A22BF4FE6}.Debug|Any CPU.Build.0 = Debug|Any CPU
		{95D9F6B0-FB31-4D62-A46C-D08A22BF4FE6}.Release|Any CPU.ActiveCfg = Release|Any CPU
		{95D9F6B0-FB31-4D62-A46C-D08A22BF4FE6}.Release|Any CPU.Build.0 = Release|Any CPU
		{828C9197-1A22-4B7B-8B94-D5F93387185E}.Debug|Any CPU.ActiveCfg = Debug|Any CPU
		{828C9197-1A22-4B7B-8B94-D5F93387185E}.Debug|Any CPU.Build.0 = Debug|Any CPU
		{828C9197-1A22-4B7B-8B94-D5F93387185E}.Release|Any CPU.ActiveCfg = Release|Any CPU
		{828C9197-1A22-4B7B-8B94-D5F93387185E}.Release|Any CPU.Build.0 = Release|Any CPU
		{D1D07477-5252-42B5-90BE-543D10B0F21B}.Debug|Any CPU.ActiveCfg = Debug|Any CPU
		{D1D07477-5252-42B5-90BE-543D10B0F21B}.Debug|Any CPU.Build.0 = Debug|Any CPU
		{D1D07477-5252-42B5-90BE-543D10B0F21B}.Release|Any CPU.ActiveCfg = Release|Any CPU
		{D1D07477-5252-42B5-90BE-543D10B0F21B}.Release|Any CPU.Build.0 = Release|Any CPU
	EndGlobalSection
	GlobalSection(NestedProjects) = preSolution
		{95D9F6B0-FB31-4D62-A46C-D08A22BF4FE6} = {47C3B770-180E-4420-991C-C4CAB3697779}
		{828C9197-1A22-4B7B-8B94-D5F93387185E} = {D8529CD3-A84F-4E77-BEF8-DA90E78008F5}
		{D1D07477-5252-42B5-90BE-543D10B0F21B} = {47C3B770-180E-4420-991C-C4CAB3697779}
	EndGlobalSection
EndGlobal
